
Microsoft Visual Studio Solution File, Format Version 12.00
# Visual Studio Version 16
VisualStudioVersion = 16.0.31229.75
MinimumVisualStudioVersion = 10.0.40219.1
Project("{FAE04EC0-301F-11D3-BF4B-00C04F79EFBC}") = "DocServiceLibrery", "DocServiceLibrery\DocServiceLibrery.csproj", "{0BFEA8AF-69D4-4D49-8335-4741C14D45A1}"
EndProject
Project("{FAE04EC0-301F-11D3-BF4B-00C04F79EFBC}") = "DocServiceHost", "DocServiceHost\DocServiceHost.csproj", "{6533577D-FBBA-41EF-8FF0-E0FD390270F0}"
EndProject
Project("{FAE04EC0-301F-11D3-BF4B-00C04F79EFBC}") = "DocClient", "DocClient\DocClient.csproj", "{747FBF0F-6A06-4E16-B969-C8D09E36BC23}"
EndProject
Global
	GlobalSection(SolutionConfigurationPlatforms) = preSolution
		Debug|Any CPU = Debug|Any CPU
		Release|Any CPU = Release|Any CPU
	EndGlobalSection
	GlobalSection(ProjectConfigurationPlatforms) = postSolution
		{0BFEA8AF-69D4-4D49-8335-4741C14D45A1}.Debug|Any CPU.ActiveCfg = Debug|Any CPU
		{0BFEA8AF-69D4-4D49-8335-4741C14D45A1}.Debug|Any CPU.Build.0 = Debug|Any CPU
		{0BFEA8AF-69D4-4D49-8335-4741C14D45A1}.Release|Any CPU.ActiveCfg = Release|Any CPU
		{0BFEA8AF-69D4-4D49-8335-4741C14D45A1}.Release|Any CPU.Build.0 = Release|Any CPU
		{6533577D-FBBA-41EF-8FF0-E0FD390270F0}.Debug|Any CPU.ActiveCfg = Debug|Any CPU
		{6533577D-FBBA-41EF-8FF0-E0FD390270F0}.Debug|Any CPU.Build.0 = Debug|Any CPU
		{6533577D-FBBA-41EF-8FF0-E0FD390270F0}.Release|Any CPU.ActiveCfg = Release|Any CPU
		{6533577D-FBBA-41EF-8FF0-E0FD390270F0}.Release|Any CPU.Build.0 = Release|Any CPU
		{747FBF0F-6A06-4E16-B969-C8D09E36BC23}.Debug|Any CPU.ActiveCfg = Debug|Any CPU
		{747FBF0F-6A06-4E16-B969-C8D09E36BC23}.Debug|Any CPU.Build.0 = Debug|Any CPU
		{747FBF0F-6A06-4E16-B969-C8D09E36BC23}.Release|Any CPU.ActiveCfg = Release|Any CPU
		{747FBF0F-6A06-4E16-B969-C8D09E36BC23}.Release|Any CPU.Build.0 = Release|Any CPU
	EndGlobalSection
	GlobalSection(SolutionProperties) = preSolution
		HideSolutionNode = FALSE
	EndGlobalSection
	GlobalSection(ExtensibilityGlobals) = postSolution
		SolutionGuid = {2700A255-E769-4426-9C5B-16516BE1F63A}
	EndGlobalSection
EndGlobal
